<?xml version="1.0" encoding="utf-8"?>
<Project ToolsVersion="4.0" xmlns="http://schemas.microsoft.com/developer/msbuild/2003">
  <ItemGroup>
    <Filter Include="Source Files">
      <UniqueIdentifier>{4FC737F1-C7A5-4376-A066-2A32D752A2FF}</UniqueIdentifier>
      <Extensions>cpp;c;cc;cxx;def;odl;idl;hpj;bat;asm;asmx</Extensions>
    </Filter>
    <Filter Include="Header Files">
      <UniqueIdentifier>{93995380-89BD-4b04-88EB-625FBE52EBFB}</UniqueIdentifier>
      <Extensions>h;hh;hpp;hxx;hm;inl;inc;xsd</Extensions>
    </Filter>
    <Filter Include="Resource Files">
      <UniqueIdentifier>{67DA6AB6-F800-4c08-8B7A-83BB121AAD01}</UniqueIdentifier>
      <Extensions>rc;ico;cur;bmp;dlg;rc2;rct;bin;rgs;gif;jpg;jpeg;jpe;resx;tiff;tif;png;wav;mfcribbon-ms</Extensions>
    </Filter>
    <Filter Include="Header Files\Engine">
      <UniqueIdentifier>{d337191e-6d2e-4947-a2eb-bda992eab7b9}</UniqueIdentifier>
    </Filter>
    <Filter Include="Header Files\Engine\Core">
      <UniqueIdentifier>{0c58a562-77bc-4d74-9761-a097d6eac527}</UniqueIdentifier>
    </Filter>
    <Filter Include="Source Files\Engine">
      <UniqueIdentifier>{ee1372c8-c290-4d59-aa8e-28d301c53da6}</UniqueIdentifier>
    </Filter>
    <Filter Include="Source Files\Engine\Core">
      <UniqueIdentifier>{edd11440-4d14-4974-8c3a-ff13240b0b46}</UniqueIdentifier>
    </Filter>
    <Filter Include="Header Files\Engine\Components">
      <UniqueIdentifier>{3d9a62f5-d8fb-4401-8da2-69b66a6b7914}</UniqueIdentifier>
    </Filter>
    <Filter Include="Source Files\Engine\Components">
      <UniqueIdentifier>{8ac12f74-9151-4986-8294-e32401197b71}</UniqueIdentifier>
    </Filter>
    <Filter Include="Header Files\Engine\Physics">
      <UniqueIdentifier>{ebc5d9ef-7ea2-4775-8b94-6db8ac3741bb}</UniqueIdentifier>
    </Filter>
    <Filter Include="Source Files\Engine\Physics">
      <UniqueIdentifier>{119b1f5d-9411-48b7-9045-38a5be7c70a7}</UniqueIdentifier>
    </Filter>
    <Filter Include="Header Files\Engine\Math">
      <UniqueIdentifier>{0d5a1b80-7c01-4aa3-b536-29c4ea860837}</UniqueIdentifier>
    </Filter>
    <Filter Include="Source Files\Engine\Math">
      <UniqueIdentifier>{b4ce623d-6fd7-459d-a6bd-d23ba7828fe3}</UniqueIdentifier>
    </Filter>
    <Filter Include="Header Files\Game">
      <UniqueIdentifier>{9a6a4990-7c66-4118-b800-db7028997018}</UniqueIdentifier>
    </Filter>
    <Filter Include="Source Files\Game">
      <UniqueIdentifier>{c6affc79-6ed8-4585-9969-690007b44faa}</UniqueIdentifier>
    </Filter>
    <Filter Include="Source Files\Engine\Systems">
      <UniqueIdentifier>{0383426a-c3fb-494d-a332-ef882a3e6bcc}</UniqueIdentifier>
    </Filter>
    <Filter Include="Header Files\Engine\Systems">
      <UniqueIdentifier>{258fc3bb-879d-49f1-9020-13da590b4ea0}</UniqueIdentifier>
    </Filter>
    <Filter Include="Source Files\Shaders">
      <UniqueIdentifier>{5c3bf852-0d33-4ffa-9479-8e3f0ba3454b}</UniqueIdentifier>
    </Filter>
    <Filter Include="Header Files\Engine\Parser">
      <UniqueIdentifier>{be561d30-1932-4651-881a-4f91e10490e8}</UniqueIdentifier>
    </Filter>
    <Filter Include="Header Files\Engine\Components\Scripted">
      <UniqueIdentifier>{648b6a90-8e26-4c93-9359-dcf40e909b1e}</UniqueIdentifier>
    </Filter>
    <Filter Include="Source Files\Engine\Parser">
      <UniqueIdentifier>{a01cfe20-b4e9-4e9d-8c62-f8e061b7d22f}</UniqueIdentifier>
    </Filter>
    <Filter Include="Source Files\Engine\Components\Scripted">
      <UniqueIdentifier>{be9d8775-f854-4d91-b137-efddf8413482}</UniqueIdentifier>
    </Filter>
  </ItemGroup>
  <ItemGroup>
    <ClInclude Include="Engine.h">
      <Filter>Header Files\Engine\Core</Filter>
    </ClInclude>
    <ClInclude Include="Graphics.h">
      <Filter>Header Files\Engine\Core</Filter>
    </ClInclude>
    <ClInclude Include="Time.h">
      <Filter>Header Files\Engine\Core</Filter>
    </ClInclude>
    <ClInclude Include="Math.h">
      <Filter>Header Files\Engine\Math</Filter>
    </ClInclude>
    <ClInclude Include="Vector2.h">
      <Filter>Header Files\Engine\Math</Filter>
    </ClInclude>
    <ClInclude Include="Input.h">
      <Filter>Header Files\Engine\Core</Filter>
    </ClInclude>
    <ClInclude Include="BoxCollider.h">
      <Filter>Header Files\Engine\Components</Filter>
    </ClInclude>
    <ClInclude Include="CircleCollider.h">
      <Filter>Header Files\Engine\Components</Filter>
    </ClInclude>
    <ClInclude Include="Component.h">
      <Filter>Header Files\Engine\Components</Filter>
    </ClInclude>
    <ClInclude Include="PolygonCollider.h">
      <Filter>Header Files\Engine\Components</Filter>
    </ClInclude>
    <ClInclude Include="RigidBody2D.h">
      <Filter>Header Files\Engine\Components</Filter>
    </ClInclude>
    <ClInclude Include="SpriteRenderer.h">
      <Filter>Header Files\Engine\Components</Filter>
    </ClInclude>
    <ClInclude Include="Transform2D.h">
      <Filter>Header Files\Engine\Components</Filter>
    </ClInclude>
    <ClInclude Include="TypeInfo.h">
      <Filter>Header Files\Engine\Components</Filter>
    </ClInclude>
    <ClInclude Include="GameObject.h">
      <Filter>Header Files\Engine\Core</Filter>
    </ClInclude>
    <ClInclude Include="ComponentManager.h">
      <Filter>Header Files\Engine\Components</Filter>
    </ClInclude>
    <ClInclude Include="ComponentHeaders.h">
      <Filter>Header Files\Engine\Components</Filter>
    </ClInclude>
    <ClInclude Include="Profiler.h">
      <Filter>Header Files</Filter>
    </ClInclude>
    <ClInclude Include="Game.h">
      <Filter>Header Files\Engine\Core</Filter>
    </ClInclude>
    <ClInclude Include="Scene.h">
      <Filter>Header Files\Engine\Core</Filter>
    </ClInclude>
    <ClInclude Include="GameObjectManager.h">
      <Filter>Header Files\Engine\Core</Filter>
    </ClInclude>
    <ClInclude Include="TypeConversion.h">
      <Filter>Header Files\Engine\Core</Filter>
    </ClInclude>
    <ClInclude Include="Collider.h">
      <Filter>Header Files\Engine\Components</Filter>
    </ClInclude>
    <ClInclude Include="PhysicsSystem.h">
      <Filter>Header Files\Engine\Physics</Filter>
    </ClInclude>
    <ClInclude Include="Physics.h">
      <Filter>Header Files\Engine\Physics</Filter>
    </ClInclude>
    <ClInclude Include="DebugDraw.h">
      <Filter>Header Files\Engine\Core</Filter>
    </ClInclude>
    <ClInclude Include="Message.h">
      <Filter>Header Files\Engine\Core</Filter>
    </ClInclude>
    <ClInclude Include="CollisionData.h">
      <Filter>Header Files\Engine\Physics</Filter>
    </ClInclude>
    <ClInclude Include="RunShootDrive.h">
      <Filter>Header Files\Game</Filter>
    </ClInclude>
    <ClInclude Include="TestScene.h">
      <Filter>Header Files\Game</Filter>
    </ClInclude>
    <ClInclude Include="CollisionHandler.h">
      <Filter>Header Files\Engine\Physics</Filter>
    </ClInclude>
    <ClInclude Include="ScriptableComponent.h">
      <Filter>Header Files\Engine\Components</Filter>
    </ClInclude>
    <ClInclude Include="SpriteRenderingSystem.h">
      <Filter>Header Files\Engine\Systems</Filter>
    </ClInclude>
    <ClInclude Include="SpriteBatch.h">
      <Filter>Header Files\Engine\Systems</Filter>
    </ClInclude>
    <ClInclude Include="RenderLayer.h">
      <Filter>Header Files\Engine\Core</Filter>
    </ClInclude>
    <ClInclude Include="AssetManager.h">
      <Filter>Header Files\Engine\Core</Filter>
    </ClInclude>
    <ClInclude Include="WSSprite.h">
      <Filter>Header Files\Engine\Core</Filter>
    </ClInclude>
    <ClInclude Include="System.h">
      <Filter>Header Files\Engine\Systems</Filter>
    </ClInclude>
    <ClInclude Include="Rect.h">
      <Filter>Header Files\Engine\Math</Filter>
    </ClInclude>
    <ClInclude Include="Joint.h">
      <Filter>Header Files\Engine\Components</Filter>
    </ClInclude>
    <ClInclude Include="WheelJoint.h">
      <Filter>Header Files\Engine\Components</Filter>
    </ClInclude>
    <ClInclude Include="ComponentData.h">
      <Filter>Header Files\Engine\Components</Filter>
    </ClInclude>
    <ClInclude Include="ScriptManagementSystem.h">
      <Filter>Header Files\Engine\Systems</Filter>
    </ClInclude>
    <ClInclude Include="Random.h">
      <Filter>Header Files\Engine\Core</Filter>
    </ClInclude>
    <ClInclude Include="resource.h">
      <Filter>Header Files</Filter>
    </ClInclude>
    <ClInclude Include="Debug.h">
      <Filter>Header Files\Engine\Core</Filter>
    </ClInclude>
    <ClInclude Include="TileMapper.h">
      <Filter>Header Files\Engine\Components</Filter>
    </ClInclude>
    <ClInclude Include="FileManager.h">
      <Filter>Header Files\Engine\Parser</Filter>
    </ClInclude>
    <ClInclude Include="ParsedTMX.h">
      <Filter>Header Files\Engine\Parser</Filter>
    </ClInclude>
    <ClInclude Include="GameObjectFactory.h">
      <Filter>Header Files\Engine\Core</Filter>
    </ClInclude>
    <ClInclude Include="CameraFollowScript.h">
      <Filter>Header Files\Engine\Components\Scripted</Filter>
    </ClInclude>
    <ClInclude Include="CivWaypointScript.h">
      <Filter>Header Files\Engine\Components\Scripted</Filter>
    </ClInclude>
    <ClInclude Include="VehicleController.h">
      <Filter>Header Files\Engine\Components\Scripted</Filter>
    </ClInclude>
    <ClInclude Include="CerealTypeRegistration.h">
      <Filter>Header Files\Game</Filter>
    </ClInclude>
    <ClInclude Include="BulletScript.h">
      <Filter>Header Files\Engine\Components\Scripted</Filter>
    </ClInclude>
    <ClInclude Include="EngineSettings.h">
      <Filter>Header Files</Filter>
    </ClInclude>
    <ClInclude Include="TileInfo.h">
      <Filter>Header Files\Engine\Parser</Filter>
    </ClInclude>
    <ClInclude Include="PlayerScript.h">
      <Filter>Header Files\Engine\Components\Scripted</Filter>
    </ClInclude>
    <ClInclude Include="AudioSource.h">
      <Filter>Header Files\Engine\Components</Filter>
    </ClInclude>
    <ClInclude Include="CharacterScript.h">
      <Filter>Header Files\Engine\Components\Scripted</Filter>
    </ClInclude>
    <ClInclude Include="CollisionMask.h">
      <Filter>Header Files\Engine\Physics</Filter>
    </ClInclude>
    <ClInclude Include="AABB.h">
      <Filter>Header Files\Engine\Math</Filter>
    </ClInclude>
    <ClInclude Include="RampageScript.h">
      <Filter>Header Files\Engine\Components\Scripted</Filter>
    </ClInclude>
    <ClInclude Include="HealthScript.h">
      <Filter>Header Files\Engine\Components\Scripted</Filter>
    </ClInclude>
    <ClInclude Include="PopulationController.h">
      <Filter>Header Files\Game</Filter>
    </ClInclude>
  </ItemGroup>
  <ItemGroup>
    <None Include="packages.config" />
  </ItemGroup>
  <ItemGroup>
    <ClCompile Include="Math.cpp">
      <Filter>Source Files\Engine\Math</Filter>
    </ClCompile>
    <ClCompile Include="Vector2.cpp">
      <Filter>Source Files\Engine\Math</Filter>
    </ClCompile>
    <ClCompile Include="Engine.cpp">
      <Filter>Source Files\Engine\Core</Filter>
    </ClCompile>
    <ClCompile Include="Graphics.cpp">
      <Filter>Source Files\Engine\Core</Filter>
    </ClCompile>
    <ClCompile Include="Input.cpp">
      <Filter>Source Files\Engine\Core</Filter>
    </ClCompile>
    <ClCompile Include="BoxCollider.cpp">
      <Filter>Source Files\Engine\Components</Filter>
    </ClCompile>
    <ClCompile Include="CircleCollider.cpp">
      <Filter>Source Files\Engine\Components</Filter>
    </ClCompile>
    <ClCompile Include="Component.cpp">
      <Filter>Source Files\Engine\Components</Filter>
    </ClCompile>
    <ClCompile Include="PolygonCollider.cpp">
      <Filter>Source Files\Engine\Components</Filter>
    </ClCompile>
    <ClCompile Include="RigidBody2D.cpp">
      <Filter>Source Files\Engine\Components</Filter>
    </ClCompile>
    <ClCompile Include="SpriteRenderer.cpp">
      <Filter>Source Files\Engine\Components</Filter>
    </ClCompile>
    <ClCompile Include="Transform2D.cpp">
      <Filter>Source Files\Engine\Components</Filter>
    </ClCompile>
    <ClCompile Include="ComponentManager.cpp">
      <Filter>Source Files\Engine\Components</Filter>
    </ClCompile>
    <ClCompile Include="Time.cpp">
      <Filter>Source Files\Engine\Core</Filter>
    </ClCompile>
    <ClCompile Include="GameObject.cpp">
      <Filter>Source Files\Engine\Core</Filter>
    </ClCompile>
    <ClCompile Include="Main.cpp">
      <Filter>Source Files</Filter>
    </ClCompile>
    <ClCompile Include="Game.cpp">
      <Filter>Source Files\Engine\Core</Filter>
    </ClCompile>
    <ClCompile Include="Scene.cpp">
      <Filter>Source Files\Engine\Core</Filter>
    </ClCompile>
    <ClCompile Include="GameObjectManager.cpp">
      <Filter>Source Files\Engine\Core</Filter>
    </ClCompile>
    <ClCompile Include="Physics.cpp">
      <Filter>Source Files\Engine\Physics</Filter>
    </ClCompile>
    <ClCompile Include="PhysicsSystem.cpp">
      <Filter>Source Files\Engine\Physics</Filter>
    </ClCompile>
    <ClCompile Include="Collider.cpp">
      <Filter>Source Files\Engine\Components</Filter>
    </ClCompile>
    <ClCompile Include="DebugDraw.cpp">
      <Filter>Source Files\Engine\Core</Filter>
    </ClCompile>
    <ClCompile Include="RunShootDrive.cpp">
      <Filter>Source Files\Game</Filter>
    </ClCompile>
    <ClCompile Include="TestScene.cpp">
      <Filter>Source Files\Game</Filter>
    </ClCompile>
    <ClCompile Include="ScriptableComponent.cpp">
      <Filter>Source Files\Engine\Components</Filter>
    </ClCompile>
    <ClCompile Include="CollisionData.cpp">
      <Filter>Source Files\Engine\Physics</Filter>
    </ClCompile>
    <ClCompile Include="SpriteRenderingSystem.cpp">
      <Filter>Source Files\Engine\Systems</Filter>
    </ClCompile>
    <ClCompile Include="SpriteBatch.cpp">
      <Filter>Source Files\Engine\Systems</Filter>
    </ClCompile>
    <ClCompile Include="AssetManager.cpp">
      <Filter>Source Files\Engine\Core</Filter>
    </ClCompile>
    <ClCompile Include="WSSprite.cpp">
      <Filter>Source Files\Engine\Core</Filter>
    </ClCompile>
    <ClCompile Include="WheelJoint.cpp">
      <Filter>Source Files\Engine\Components</Filter>
    </ClCompile>
    <ClCompile Include="Joint.cpp">
      <Filter>Source Files\Engine\Components</Filter>
    </ClCompile>
    <ClCompile Include="ScriptManagementSystem.cpp">
      <Filter>Source Files\Engine\Systems</Filter>
    </ClCompile>
    <ClCompile Include="Random.cpp">
      <Filter>Source Files\Engine\Core</Filter>
    </ClCompile>
    <ClCompile Include="Debug.cpp">
      <Filter>Source Files\Engine\Core</Filter>
    </ClCompile>
    <ClCompile Include="GameObjectFactory.cpp">
      <Filter>Source Files\Engine\Core</Filter>
    </ClCompile>
    <ClCompile Include="ParsedTMX.cpp">
      <Filter>Source Files\Engine\Parser</Filter>
    </ClCompile>
    <ClCompile Include="BulletScript.cpp">
      <Filter>Source Files\Engine\Components\Scripted</Filter>
    </ClCompile>
    <ClCompile Include="CameraFollowScript.cpp">
      <Filter>Source Files\Engine\Components\Scripted</Filter>
    </ClCompile>
    <ClCompile Include="CivWaypointScript.cpp">
      <Filter>Source Files\Engine\Components\Scripted</Filter>
    </ClCompile>
    <ClCompile Include="VehicleController.cpp">
      <Filter>Source Files\Engine\Components\Scripted</Filter>
    </ClCompile>
    <ClCompile Include="TileMapper.cpp">
      <Filter>Source Files\Engine\Components</Filter>
    </ClCompile>
    <ClCompile Include="EngineSettings.cpp">
      <Filter>Source Files</Filter>
    </ClCompile>
    <ClCompile Include="TileInfo.cpp">
      <Filter>Header Files\Engine\Parser</Filter>
    </ClCompile>
    <ClCompile Include="PlayerScript.cpp">
      <Filter>Source Files\Engine\Components\Scripted</Filter>
    </ClCompile>
    <ClCompile Include="CharacterScript.cpp">
      <Filter>Source Files\Engine\Components\Scripted</Filter>
    </ClCompile>
    <ClCompile Include="RampageScript.cpp">
      <Filter>Source Files\Engine\Components\Scripted</Filter>
    </ClCompile>
    <ClCompile Include="HealthScript.cpp">
      <Filter>Source Files\Engine\Components\Scripted</Filter>
    </ClCompile>
    <ClCompile Include="AudioSource.cpp">
      <Filter>Source Files\Engine\Components</Filter>
    </ClCompile>
    <ClCompile Include="PopulationController.cpp">
      <Filter>Source Files\Game</Filter>
    </ClCompile>
  </ItemGroup>
  <ItemGroup>
    <ResourceCompile Include="Year3 Games Tech Project Group 1.rc">
      <Filter>Resource Files</Filter>
    </ResourceCompile>
  </ItemGroup>
  <ItemGroup>
    <Image Include="Images\Icon.ico">
      <Filter>Resource Files</Filter>
    </Image>
  </ItemGroup>
</Project>